
Microsoft Visual Studio Solution File, Format Version 12.00
# Visual Studio Version 16
VisualStudioVersion = 16.0.30413.136
MinimumVisualStudioVersion = 10.0.40219.1
Project("{9A19103F-16F7-4668-BE54-9A1E7A4F7556}") = "Test Console", "Test Console\Test Console.csproj", "{E61AE4E2-8D8F-45E0-862B-17CE5C6A86C9}"
EndProject
Project("{9A19103F-16F7-4668-BE54-9A1E7A4F7556}") = "Design", "Design\Design.csproj", "{BF33EC24-0A20-4058-9A30-4935AF99A183}"
EndProject
Project("{9A19103F-16F7-4668-BE54-9A1E7A4F7556}") = "API", "API\API.csproj", "{2CD34763-C80B-4968-8274-EDCF01113577}"
EndProject
Global
	GlobalSection(SolutionConfigurationPlatforms) = preSolution
		Debug|Any CPU = Debug|Any CPU
		Release|Any CPU = Release|Any CPU
	EndGlobalSection
	GlobalSection(ProjectConfigurationPlatforms) = postSolution
		{E61AE4E2-8D8F-45E0-862B-17CE5C6A86C9}.Debug|Any CPU.ActiveCfg = Debug|Any CPU
		{E61AE4E2-8D8F-45E0-862B-17CE5C6A86C9}.Debug|Any CPU.Build.0 = Debug|Any CPU
		{E61AE4E2-8D8F-45E0-862B-17CE5C6A86C9}.Release|Any CPU.ActiveCfg = Release|Any CPU
		{E61AE4E2-8D8F-45E0-862B-17CE5C6A86C9}.Release|Any CPU.Build.0 = Release|Any CPU
		{BF33EC24-0A20-4058-9A30-4935AF99A183}.Debug|Any CPU.ActiveCfg = Debug|Any CPU
		{BF33EC24-0A20-4058-9A30-4935AF99A183}.Debug|Any CPU.Build.0 = Debug|Any CPU
		{BF33EC24-0A20-4058-9A30-4935AF99A183}.Release|Any CPU.ActiveCfg = Release|Any CPU
		{BF33EC24-0A20-4058-9A30-4935AF99A183}.Release|Any CPU.Build.0 = Release|Any CPU
		{2CD34763-C80B-4968-8274-EDCF01113577}.Debug|Any CPU.ActiveCfg = Debug|Any CPU
		{2CD34763-C80B-4968-8274-EDCF01113577}.Debug|Any CPU.Build.0 = Debug|Any CPU
		{2CD34763-C80B-4968-8274-EDCF01113577}.Release|Any CPU.ActiveCfg = Release|Any CPU
		{2CD34763-C80B-4968-8274-EDCF01113577}.Release|Any CPU.Build.0 = Release|Any CPU
	EndGlobalSection
	GlobalSection(SolutionProperties) = preSolution
		HideSolutionNode = FALSE
	EndGlobalSection
	GlobalSection(ExtensibilityGlobals) = postSolution
		SolutionGuid = {F8C5432F-78DC-4769-93DF-1C4711106467}
	EndGlobalSection
EndGlobal
